
Microsoft Visual Studio Solution File, Format Version 12.00
# Visual Studio Version 16
VisualStudioVersion = 16.0.31313.79
MinimumVisualStudioVersion = 10.0.40219.1
Project("{9A19103F-16F7-4668-BE54-9A1E7A4F7556}") = "eVet.WebAPI", "eVet.WebAPI\eVet.WebAPI.csproj", "{5378C7C4-AE11-419F-834C-F7B198DB147D}"
EndProject
Project("{2150E333-8FDC-42A3-9474-1A3956D46DE8}") = "UI", "UI", "{57E5C721-71F1-4234-A1B8-EC9E926C775C}"
EndProject
Project("{2150E333-8FDC-42A3-9474-1A3956D46DE8}") = "eVet.Mobile", "eVet.Mobile", "{812001FD-2CB8-4CE7-B695-12E5E8CB4342}"
EndProject
Project("{FAE04EC0-301F-11D3-BF4B-00C04F79EFBC}") = "eVet.MobileApp.UWP", "eVet.MobileApp\eVet.MobileApp.UWP\eVet.MobileApp.UWP.csproj", "{05063E39-350D-4F4E-92B2-7F9FA94B2F90}"
EndProject
Project("{FAE04EC0-301F-11D3-BF4B-00C04F79EFBC}") = "eVet.MobileApp.Android", "eVet.MobileApp\eVet.MobileApp.Android\eVet.MobileApp.Android.csproj", "{D05E15A4-9813-4F80-B59A-581E82CD168E}"
EndProject
Project("{FAE04EC0-301F-11D3-BF4B-00C04F79EFBC}") = "eVet.MobileApp.iOS", "eVet.MobileApp\eVet.MobileApp.iOS\eVet.MobileApp.iOS.csproj", "{157C7508-2D63-4834-99A8-CD94C9E5EF02}"
EndProject
Project("{9A19103F-16F7-4668-BE54-9A1E7A4F7556}") = "eVet.MobileApp", "eVet.MobileApp\eVet.MobileApp\eVet.MobileApp.csproj", "{BA20C2D9-15B7-4B48-AA36-8B01FB942DAF}"
EndProject
Project("{FAE04EC0-301F-11D3-BF4B-00C04F79EFBC}") = "eVet.WinUI", "eVet.WinUI\eVet.WinUI.csproj", "{5FA43D79-A574-481C-8EB5-7F4207CA48F0}"
EndProject
Project("{FAE04EC0-301F-11D3-BF4B-00C04F79EFBC}") = "eVet.Model", "eVet.Model\eVet.Model.csproj", "{21A46B64-7D2A-4175-9220-B40CD75E8F85}"
EndProject
Global
	GlobalSection(SolutionConfigurationPlatforms) = preSolution
		Debug|Any CPU = Debug|Any CPU
		Debug|ARM = Debug|ARM
		Debug|iPhone = Debug|iPhone
		Debug|iPhoneSimulator = Debug|iPhoneSimulator
		Debug|x64 = Debug|x64
		Debug|x86 = Debug|x86
		Release|Any CPU = Release|Any CPU
		Release|ARM = Release|ARM
		Release|iPhone = Release|iPhone
		Release|iPhoneSimulator = Release|iPhoneSimulator
		Release|x64 = Release|x64
		Release|x86 = Release|x86
	EndGlobalSection
	GlobalSection(ProjectConfigurationPlatforms) = postSolution
		{5378C7C4-AE11-419F-834C-F7B198DB147D}.Debug|Any CPU.ActiveCfg = Debug|Any CPU
		{5378C7C4-AE11-419F-834C-F7B198DB147D}.Debug|Any CPU.Build.0 = Debug|Any CPU
		{5378C7C4-AE11-419F-834C-F7B198DB147D}.Debug|ARM.ActiveCfg = Debug|Any CPU
		{5378C7C4-AE11-419F-834C-F7B198DB147D}.Debug|ARM.Build.0 = Debug|Any CPU
		{5378C7C4-AE11-419F-834C-F7B198DB147D}.Debug|iPhone.ActiveCfg = Debug|Any CPU
		{5378C7C4-AE11-419F-834C-F7B198DB147D}.Debug|iPhone.Build.0 = Debug|Any CPU
		{5378C7C4-AE11-419F-834C-F7B198DB147D}.Debug|iPhoneSimulator.ActiveCfg = Debug|Any CPU
		{5378C7C4-AE11-419F-834C-F7B198DB147D}.Debug|iPhoneSimulator.Build.0 = Debug|Any CPU
		{5378C7C4-AE11-419F-834C-F7B198DB147D}.Debug|x64.ActiveCfg = Debug|Any CPU
		{5378C7C4-AE11-419F-834C-F7B198DB147D}.Debug|x64.Build.0 = Debug|Any CPU
		{5378C7C4-AE11-419F-834C-F7B198DB147D}.Debug|x86.ActiveCfg = Debug|Any CPU
		{5378C7C4-AE11-419F-834C-F7B198DB147D}.Debug|x86.Build.0 = Debug|Any CPU
		{5378C7C4-AE11-419F-834C-F7B198DB147D}.Release|Any CPU.ActiveCfg = Release|Any CPU
		{5378C7C4-AE11-419F-834C-F7B198DB147D}.Release|Any CPU.Build.0 = Release|Any CPU
		{5378C7C4-AE11-419F-834C-F7B198DB147D}.Release|ARM.ActiveCfg = Release|Any CPU
		{5378C7C4-AE11-419F-834C-F7B198DB147D}.Release|ARM.Build.0 = Release|Any CPU
		{5378C7C4-AE11-419F-834C-F7B198DB147D}.Release|iPhone.ActiveCfg = Release|Any CPU
		{5378C7C4-AE11-419F-834C-F7B198DB147D}.Release|iPhone.Build.0 = Release|Any CPU
		{5378C7C4-AE11-419F-834C-F7B198DB147D}.Release|iPhoneSimulator.ActiveCfg = Release|Any CPU
		{5378C7C4-AE11-419F-834C-F7B198DB147D}.Release|iPhoneSimulator.Build.0 = Release|Any CPU
		{5378C7C4-AE11-419F-834C-F7B198DB147D}.Release|x64.ActiveCfg = Release|Any CPU
		{5378C7C4-AE11-419F-834C-F7B198DB147D}.Release|x64.Build.0 = Release|Any CPU
		{5378C7C4-AE11-419F-834C-F7B198DB147D}.Release|x86.ActiveCfg = Release|Any CPU
		{5378C7C4-AE11-419F-834C-F7B198DB147D}.Release|x86.Build.0 = Release|Any CPU
		{05063E39-350D-4F4E-92B2-7F9FA94B2F90}.Debug|Any CPU.ActiveCfg = Debug|x86
		{05063E39-350D-4F4E-92B2-7F9FA94B2F90}.Debug|Any CPU.Build.0 = Debug|x86
		{05063E39-350D-4F4E-92B2-7F9FA94B2F90}.Debug|Any CPU.Deploy.0 = Debug|x86
		{05063E39-350D-4F4E-92B2-7F9FA94B2F90}.Debug|ARM.ActiveCfg = Debug|ARM
		{05063E39-350D-4F4E-92B2-7F9FA94B2F90}.Debug|ARM.Build.0 = Debug|ARM
		{05063E39-350D-4F4E-92B2-7F9FA94B2F90}.Debug|ARM.Deploy.0 = Debug|ARM
		{05063E39-350D-4F4E-92B2-7F9FA94B2F90}.Debug|iPhone.ActiveCfg = Debug|x86
		{05063E39-350D-4F4E-92B2-7F9FA94B2F90}.Debug|iPhoneSimulator.ActiveCfg = Debug|x86
		{05063E39-350D-4F4E-92B2-7F9FA94B2F90}.Debug|x64.ActiveCfg = Debug|x64
		{05063E39-350D-4F4E-92B2-7F9FA94B2F90}.Debug|x64.Build.0 = Debug|x64
		{05063E39-350D-4F4E-92B2-7F9FA94B2F90}.Debug|x64.Deploy.0 = Debug|x64
		{05063E39-350D-4F4E-92B2-7F9FA94B2F90}.Debug|x86.ActiveCfg = Debug|x86
		{05063E39-350D-4F4E-92B2-7F9FA94B2F90}.Debug|x86.Build.0 = Debug|x86
		{05063E39-350D-4F4E-92B2-7F9FA94B2F90}.Debug|x86.Deploy.0 = Debug|x86
		{05063E39-350D-4F4E-92B2-7F9FA94B2F90}.Release|Any CPU.ActiveCfg = Release|x86
		{05063E39-350D-4F4E-92B2-7F9FA94B2F90}.Release|ARM.ActiveCfg = Release|ARM
		{05063E39-350D-4F4E-92B2-7F9FA94B2F90}.Release|ARM.Build.0 = Release|ARM
		{05063E39-350D-4F4E-92B2-7F9FA94B2F90}.Release|ARM.Deploy.0 = Release|ARM
		{05063E39-350D-4F4E-92B2-7F9FA94B2F90}.Release|iPhone.ActiveCfg = Release|x86
		{05063E39-350D-4F4E-92B2-7F9FA94B2F90}.Release|iPhoneSimulator.ActiveCfg = Release|x86
		{05063E39-350D-4F4E-92B2-7F9FA94B2F90}.Release|x64.ActiveCfg = Release|x64
		{05063E39-350D-4F4E-92B2-7F9FA94B2F90}.Release|x64.Build.0 = Release|x64
		{05063E39-350D-4F4E-92B2-7F9FA94B2F90}.Release|x64.Deploy.0 = Release|x64
		{05063E39-350D-4F4E-92B2-7F9FA94B2F90}.Release|x86.ActiveCfg = Release|x86
		{05063E39-350D-4F4E-92B2-7F9FA94B2F90}.Release|x86.Build.0 = Release|x86
		{05063E39-350D-4F4E-92B2-7F9FA94B2F90}.Release|x86.Deploy.0 = Release|x86
		{D05E15A4-9813-4F80-B59A-581E82CD168E}.Debug|Any CPU.ActiveCfg = Debug|Any CPU
		{D05E15A4-9813-4F80-B59A-581E82CD168E}.Debug|Any CPU.Build.0 = Debug|Any CPU
		{D05E15A4-9813-4F80-B59A-581E82CD168E}.Debug|Any CPU.Deploy.0 = Debug|Any CPU
		{D05E15A4-9813-4F80-B59A-581E82CD168E}.Debug|ARM.ActiveCfg = Debug|Any CPU
		{D05E15A4-9813-4F80-B59A-581E82CD168E}.Debug|ARM.Build.0 = Debug|Any CPU
		{D05E15A4-9813-4F80-B59A-581E82CD168E}.Debug|ARM.Deploy.0 = Debug|Any CPU
		{D05E15A4-9813-4F80-B59A-581E82CD168E}.Debug|iPhone.ActiveCfg = Debug|Any CPU
		{D05E15A4-9813-4F80-B59A-581E82CD168E}.Debug|iPhone.Build.0 = Debug|Any CPU
		{D05E15A4-9813-4F80-B59A-581E82CD168E}.Debug|iPhone.Deploy.0 = Debug|Any CPU
		{D05E15A4-9813-4F80-B59A-581E82CD168E}.Debug|iPhoneSimulator.ActiveCfg = Debug|Any CPU
		{D05E15A4-9813-4F80-B59A-581E82CD168E}.Debug|iPhoneSimulator.Build.0 = Debug|Any CPU
		{D05E15A4-9813-4F80-B59A-581E82CD168E}.Debug|iPhoneSimulator.Deploy.0 = Debug|Any CPU
		{D05E15A4-9813-4F80-B59A-581E82CD168E}.Debug|x64.ActiveCfg = Debug|Any CPU
		{D05E15A4-9813-4F80-B59A-581E82CD168E}.Debug|x64.Build.0 = Debug|Any CPU
		{D05E15A4-9813-4F80-B59A-581E82CD168E}.Debug|x64.Deploy.0 = Debug|Any CPU
		{D05E15A4-9813-4F80-B59A-581E82CD168E}.Debug|x86.ActiveCfg = Debug|Any CPU
		{D05E15A4-9813-4F80-B59A-581E82CD168E}.Debug|x86.Build.0 = Debug|Any CPU
		{D05E15A4-9813-4F80-B59A-581E82CD168E}.Debug|x86.Deploy.0 = Debug|Any CPU
		{D05E15A4-9813-4F80-B59A-581E82CD168E}.Release|Any CPU.ActiveCfg = Release|Any CPU
		{D05E15A4-9813-4F80-B59A-581E82CD168E}.Release|Any CPU.Build.0 = Release|Any CPU
		{D05E15A4-9813-4F80-B59A-581E82CD168E}.Release|Any CPU.Deploy.0 = Release|Any CPU
		{D05E15A4-9813-4F80-B59A-581E82CD168E}.Release|ARM.ActiveCfg = Release|Any CPU
		{D05E15A4-9813-4F80-B59A-581E82CD168E}.Release|ARM.Build.0 = Release|Any CPU
		{D05E15A4-9813-4F80-B59A-581E82CD168E}.Release|ARM.Deploy.0 = Release|Any CPU
		{D05E15A4-9813-4F80-B59A-581E82CD168E}.Release|iPhone.ActiveCfg = Release|Any CPU
		{D05E15A4-9813-4F80-B59A-581E82CD168E}.Release|iPhone.Build.0 = Release|Any CPU
		{D05E15A4-9813-4F80-B59A-581E82CD168E}.Release|iPhone.Deploy.0 = Release|Any CPU
		{D05E15A4-9813-4F80-B59A-581E82CD168E}.Release|iPhoneSimulator.ActiveCfg = Release|Any CPU
		{D05E15A4-9813-4F80-B59A-581E82CD168E}.Release|iPhoneSimulator.Build.0 = Release|Any CPU
		{D05E15A4-9813-4F80-B59A-581E82CD168E}.Release|iPhoneSimulator.Deploy.0 = Release|Any CPU
		{D05E15A4-9813-4F80-B59A-581E82CD168E}.Release|x64.ActiveCfg = Release|Any CPU
		{D05E15A4-9813-4F80-B59A-581E82CD168E}.Release|x64.Build.0 = Release|Any CPU
		{D05E15A4-9813-4F80-B59A-581E82CD168E}.Release|x64.Deploy.0 = Release|Any CPU
		{D05E15A4-9813-4F80-B59A-581E82CD168E}.Release|x86.ActiveCfg = Release|Any CPU
		{D05E15A4-9813-4F80-B59A-581E82CD168E}.Release|x86.Build.0 = Release|Any CPU
		{D05E15A4-9813-4F80-B59A-581E82CD168E}.Release|x86.Deploy.0 = Release|Any CPU
		{157C7508-2D63-4834-99A8-CD94C9E5EF02}.Debug|Any CPU.ActiveCfg = Debug|iPhoneSimulator
		{157C7508-2D63-4834-99A8-CD94C9E5EF02}.Debug|ARM.ActiveCfg = Debug|iPhoneSimulator
		{157C7508-2D63-4834-99A8-CD94C9E5EF02}.Debug|iPhone.ActiveCfg = Debug|iPhone
		{157C7508-2D63-4834-99A8-CD94C9E5EF02}.Debug|iPhone.Build.0 = Debug|iPhone
		{157C7508-2D63-4834-99A8-CD94C9E5EF02}.Debug|iPhoneSimulator.ActiveCfg = Debug|iPhoneSimulator
		{157C7508-2D63-4834-99A8-CD94C9E5EF02}.Debug|iPhoneSimulator.Build.0 = Debug|iPhoneSimulator
		{157C7508-2D63-4834-99A8-CD94C9E5EF02}.Debug|x64.ActiveCfg = Debug|iPhoneSimulator
		{157C7508-2D63-4834-99A8-CD94C9E5EF02}.Debug|x86.ActiveCfg = Debug|iPhoneSimulator
		{157C7508-2D63-4834-99A8-CD94C9E5EF02}.Release|Any CPU.ActiveCfg = Release|iPhoneSimulator
		{157C7508-2D63-4834-99A8-CD94C9E5EF02}.Release|ARM.ActiveCfg = Release|iPhoneSimulator
		{157C7508-2D63-4834-99A8-CD94C9E5EF02}.Release|iPhone.ActiveCfg = Release|iPhone
		{157C7508-2D63-4834-99A8-CD94C9E5EF02}.Release|iPhone.Build.0 = Release|iPhone
		{157C7508-2D63-4834-99A8-CD94C9E5EF02}.Release|iPhoneSimulator.ActiveCfg = Release|iPhoneSimulator
		{157C7508-2D63-4834-99A8-CD94C9E5EF02}.Release|iPhoneSimulator.Build.0 = Release|iPhoneSimulator
		{157C7508-2D63-4834-99A8-CD94C9E5EF02}.Release|x64.ActiveCfg = Release|iPhoneSimulator
		{157C7508-2D63-4834-99A8-CD94C9E5EF02}.Release|x86.ActiveCfg = Release|iPhoneSimulator
		{BA20C2D9-15B7-4B48-AA36-8B01FB942DAF}.Debug|Any CPU.ActiveCfg = Debug|Any CPU
		{BA20C2D9-15B7-4B48-AA36-8B01FB942DAF}.Debug|Any CPU.Build.0 = Debug|Any CPU
		{BA20C2D9-15B7-4B48-AA36-8B01FB942DAF}.Debug|ARM.ActiveCfg = Debug|Any CPU
		{BA20C2D9-15B7-4B48-AA36-8B01FB942DAF}.Debug|ARM.Build.0 = Debug|Any CPU
		{BA20C2D9-15B7-4B48-AA36-8B01FB942DAF}.Debug|iPhone.ActiveCfg = Debug|Any CPU
		{BA20C2D9-15B7-4B48-AA36-8B01FB942DAF}.Debug|iPhone.Build.0 = Debug|Any CPU
		{BA20C2D9-15B7-4B48-AA36-8B01FB942DAF}.Debug|iPhoneSimulator.ActiveCfg = Debug|Any CPU
		{BA20C2D9-15B7-4B48-AA36-8B01FB942DAF}.Debug|iPhoneSimulator.Build.0 = Debug|Any CPU
		{BA20C2D9-15B7-4B48-AA36-8B01FB942DAF}.Debug|x64.ActiveCfg = Debug|Any CPU
		{BA20C2D9-15B7-4B48-AA36-8B01FB942DAF}.Debug|x64.Build.0 = Debug|Any CPU
		{BA20C2D9-15B7-4B48-AA36-8B01FB942DAF}.Debug|x86.ActiveCfg = Debug|Any CPU
		{BA20C2D9-15B7-4B48-AA36-8B01FB942DAF}.Debug|x86.Build.0 = Debug|Any CPU
		{BA20C2D9-15B7-4B48-AA36-8B01FB942DAF}.Release|Any CPU.ActiveCfg = Release|Any CPU
		{BA20C2D9-15B7-4B48-AA36-8B01FB942DAF}.Release|Any CPU.Build.0 = Release|Any CPU
		{BA20C2D9-15B7-4B48-AA36-8B01FB942DAF}.Release|ARM.ActiveCfg = Release|Any CPU
		{BA20C2D9-15B7-4B48-AA36-8B01FB942DAF}.Release|ARM.Build.0 = Release|Any CPU
		{BA20C2D9-15B7-4B48-AA36-8B01FB942DAF}.Release|iPhone.ActiveCfg = Release|Any CPU
		{BA20C2D9-15B7-4B48-AA36-8B01FB942DAF}.Release|iPhone.Build.0 = Release|Any CPU
		{BA20C2D9-15B7-4B48-AA36-8B01FB942DAF}.Release|iPhoneSimulator.ActiveCfg = Release|Any CPU
		{BA20C2D9-15B7-4B48-AA36-8B01FB942DAF}.Release|iPhoneSimulator.Build.0 = Release|Any CPU
		{BA20C2D9-15B7-4B48-AA36-8B01FB942DAF}.Release|x64.ActiveCfg = Release|Any CPU
		{BA20C2D9-15B7-4B48-AA36-8B01FB942DAF}.Release|x64.Build.0 = Release|Any CPU
		{BA20C2D9-15B7-4B48-AA36-8B01FB942DAF}.Release|x86.ActiveCfg = Release|Any CPU
		{BA20C2D9-15B7-4B48-AA36-8B01FB942DAF}.Release|x86.Build.0 = Release|Any CPU
		{5FA43D79-A574-481C-8EB5-7F4207CA48F0}.Debug|Any CPU.ActiveCfg = Debug|Any CPU
		{5FA43D79-A574-481C-8EB5-7F4207CA48F0}.Debug|Any CPU.Build.0 = Debug|Any CPU
		{5FA43D79-A574-481C-8EB5-7F4207CA48F0}.Debug|ARM.ActiveCfg = Debug|Any CPU
		{5FA43D79-A574-481C-8EB5-7F4207CA48F0}.Debug|ARM.Build.0 = Debug|Any CPU
		{5FA43D79-A574-481C-8EB5-7F4207CA48F0}.Debug|iPhone.ActiveCfg = Debug|Any CPU
		{5FA43D79-A574-481C-8EB5-7F4207CA48F0}.Debug|iPhone.Build.0 = Debug|Any CPU
		{5FA43D79-A574-481C-8EB5-7F4207CA48F0}.Debug|iPhoneSimulator.ActiveCfg = Debug|Any CPU
		{5FA43D79-A574-481C-8EB5-7F4207CA48F0}.Debug|iPhoneSimulator.Build.0 = Debug|Any CPU
		{5FA43D79-A574-481C-8EB5-7F4207CA48F0}.Debug|x64.ActiveCfg = Debug|Any CPU
		{5FA43D79-A574-481C-8EB5-7F4207CA48F0}.Debug|x64.Build.0 = Debug|Any CPU
		{5FA43D79-A574-481C-8EB5-7F4207CA48F0}.Debug|x86.ActiveCfg = Debug|Any CPU
		{5FA43D79-A574-481C-8EB5-7F4207CA48F0}.Debug|x86.Build.0 = Debug|Any CPU
		{5FA43D79-A574-481C-8EB5-7F4207CA48F0}.Release|Any CPU.ActiveCfg = Release|Any CPU
		{5FA43D79-A574-481C-8EB5-7F4207CA48F0}.Release|Any CPU.Build.0 = Release|Any CPU
		{5FA43D79-A574-481C-8EB5-7F4207CA48F0}.Release|ARM.ActiveCfg = Release|Any CPU
		{5FA43D79-A574-481C-8EB5-7F4207CA48F0}.Release|ARM.Build.0 = Release|Any CPU
		{5FA43D79-A574-481C-8EB5-7F4207CA48F0}.Release|iPhone.ActiveCfg = Release|Any CPU
		{5FA43D79-A574-481C-8EB5-7F4207CA48F0}.Release|iPhone.Build.0 = Release|Any CPU
		{5FA43D79-A574-481C-8EB5-7F4207CA48F0}.Release|iPhoneSimulator.ActiveCfg = Release|Any CPU
		{5FA43D79-A574-481C-8EB5-7F4207CA48F0}.Release|iPhoneSimulator.Build.0 = Release|Any CPU
		{5FA43D79-A574-481C-8EB5-7F4207CA48F0}.Release|x64.ActiveCfg = Release|Any CPU
		{5FA43D79-A574-481C-8EB5-7F4207CA48F0}.Release|x64.Build.0 = Release|Any CPU
		{5FA43D79-A574-481C-8EB5-7F4207CA48F0}.Release|x86.ActiveCfg = Release|Any CPU
		{5FA43D79-A574-481C-8EB5-7F4207CA48F0}.Release|x86.Build.0 = Release|Any CPU
		{21A46B64-7D2A-4175-9220-B40CD75E8F85}.Debug|Any CPU.ActiveCfg = Debug|Any CPU
		{21A46B64-7D2A-4175-9220-B40CD75E8F85}.Debug|Any CPU.Build.0 = Debug|Any CPU
		{21A46B64-7D2A-4175-9220-B40CD75E8F85}.Debug|ARM.ActiveCfg = Debug|Any CPU
		{21A46B64-7D2A-4175-9220-B40CD75E8F85}.Debug|ARM.Build.0 = Debug|Any CPU
		{21A46B64-7D2A-4175-9220-B40CD75E8F85}.Debug|iPhone.ActiveCfg = Debug|Any CPU
		{21A46B64-7D2A-4175-9220-B40CD75E8F85}.Debug|iPhone.Build.0 = Debug|Any CPU
		{21A46B64-7D2A-4175-9220-B40CD75E8F85}.Debug|iPhoneSimulator.ActiveCfg = Debug|Any CPU
		{21A46B64-7D2A-4175-9220-B40CD75E8F85}.Debug|iPhoneSimulator.Build.0 = Debug|Any CPU
		{21A46B64-7D2A-4175-9220-B40CD75E8F85}.Debug|x64.ActiveCfg = Debug|Any CPU
		{21A46B64-7D2A-4175-9220-B40CD75E8F85}.Debug|x64.Build.0 = Debug|Any CPU
		{21A46B64-7D2A-4175-9220-B40CD75E8F85}.Debug|x86.ActiveCfg = Debug|Any CPU
		{21A46B64-7D2A-4175-9220-B40CD75E8F85}.Debug|x86.Build.0 = Debug|Any CPU
		{21A46B64-7D2A-4175-9220-B40CD75E8F85}.Release|Any CPU.ActiveCfg = Release|Any CPU
		{21A46B64-7D2A-4175-9220-B40CD75E8F85}.Release|Any CPU.Build.0 = Release|Any CPU
		{21A46B64-7D2A-4175-9220-B40CD75E8F85}.Release|ARM.ActiveCfg = Release|Any CPU
		{21A46B64-7D2A-4175-9220-B40CD75E8F85}.Release|ARM.Build.0 = Release|Any CPU
		{21A46B64-7D2A-4175-9220-B40CD75E8F85}.Release|iPhone.ActiveCfg = Release|Any CPU
		{21A46B64-7D2A-4175-9220-B40CD75E8F85}.Release|iPhone.Build.0 = Release|Any CPU
		{21A46B64-7D2A-4175-9220-B40CD75E8F85}.Release|iPhoneSimulator.ActiveCfg = Release|Any CPU
		{21A46B64-7D2A-4175-9220-B40CD75E8F85}.Release|iPhoneSimulator.Build.0 = Release|Any CPU
		{21A46B64-7D2A-4175-9220-B40CD75E8F85}.Release|x64.ActiveCfg = Release|Any CPU
		{21A46B64-7D2A-4175-9220-B40CD75E8F85}.Release|x64.Build.0 = Release|Any CPU
		{21A46B64-7D2A-4175-9220-B40CD75E8F85}.Release|x86.ActiveCfg = Release|Any CPU
		{21A46B64-7D2A-4175-9220-B40CD75E8F85}.Release|x86.Build.0 = Release|Any CPU
	EndGlobalSection
	GlobalSection(SolutionProperties) = preSolution
		HideSolutionNode = FALSE
	EndGlobalSection
	GlobalSection(NestedProjects) = preSolution
		{05063E39-350D-4F4E-92B2-7F9FA94B2F90} = {812001FD-2CB8-4CE7-B695-12E5E8CB4342}
		{D05E15A4-9813-4F80-B59A-581E82CD168E} = {812001FD-2CB8-4CE7-B695-12E5E8CB4342}
		{157C7508-2D63-4834-99A8-CD94C9E5EF02} = {812001FD-2CB8-4CE7-B695-12E5E8CB4342}
		{BA20C2D9-15B7-4B48-AA36-8B01FB942DAF} = {812001FD-2CB8-4CE7-B695-12E5E8CB4342}
		{5FA43D79-A574-481C-8EB5-7F4207CA48F0} = {57E5C721-71F1-4234-A1B8-EC9E926C775C}
	EndGlobalSection
	GlobalSection(ExtensibilityGlobals) = postSolution
		SolutionGuid = {E9BA6445-5E50-4AB1-BE8D-562DEA4B6C3A}
	EndGlobalSection
EndGlobal
